// !$*UTF8*$!
{
	archiveVersion = 1;
	classes = {
	};
	objectVersion = 46;
	objects = {

/* Begin PBXBuildFile section */
		1DECC85B1CEE44E50016B121 /* sample.cpp in Sources */ = {isa = PBXBuildFile; fileRef = 1DECC85A1CEE44E50016B121 /* sample.cpp */; };
/* End PBXBuildFile section */

/* Begin PBXCopyFilesBuildPhase section */
		1D269E291CEE31CB00A7F7E4 /* CopyFiles */ = {
			isa = PBXCopyFilesBuildPhase;
			buildActionMask = 2147483647;
			dstPath = /usr/share/man/man1/;
			dstSubfolderSpec = 0;
			files = (
			);
			runOnlyForDeploymentPostprocessing = 1;
		};
/* End PBXCopyFilesBuildPhase section */

/* Begin PBXFileReference section */
		1D269E2B1CEE31CB00A7F7E4 /* CppSemaphore */ = {isa = PBXFileReference; explicitFileType = "compiled.mach-o.executable"; includeInIndex = 0; path = CppSemaphore; sourceTree = BUILT_PRODUCTS_DIR; };
		1D269E361CEE31E400A7F7E4 /* cppSemaphore.hpp */ = {isa = PBXFileReference; fileEncoding = 4; lastKnownFileType = sourcecode.cpp.h; path = cppSemaphore.hpp; sourceTree = "<group>"; };
		1DECC85A1CEE44E50016B121 /* sample.cpp */ = {isa = PBXFileReference; fileEncoding = 4; lastKnownFileType = sourcecode.cpp.cpp; path = sample.cpp; sourceTree = "<group>"; };
/* End PBXFileReference section */

/* Begin PBXFrameworksBuildPhase section */
		1D269E281CEE31CB00A7F7E4 /* Frameworks */ = {
			isa = PBXFrameworksBuildPhase;
			buildActionMask = 2147483647;
			files = (
			);
			runOnlyForDeploymentPostprocessing = 0;
		};
/* End PBXFrameworksBuildPhase section */

/* Begin PBXGroup section */
		1D269E221CEE31CB00A7F7E4 = {
			isa = PBXGroup;
			children = (
				1D269E2D1CEE31CB00A7F7E4 /* CppSemaphore */,
				1D269E2C1CEE31CB00A7F7E4 /* Products */,
			);
			sourceTree = "<group>";
		};
		1D269E2C1CEE31CB00A7F7E4 /* Products */ = {
			isa = PBXGroup;
			children = (
				1D269E2B1CEE31CB00A7F7E4 /* CppSemaphore */,
			);
			name = Products;
			sourceTree = "<group>";
		};
		1D269E2D1CEE31CB00A7F7E4 /* CppSemaphore */ = {
			isa = PBXGroup;
			children = (
				1DECC85A1CEE44E50016B121 /* sample.cpp */,
				1D269E361CEE31E400A7F7E4 /* cppSemaphore.hpp */,
			);
			path = CppSemaphore;
			sourceTree = "<group>";
		};
/* End PBXGroup section */

/* Begin PBXNativeTarget section */
		1D269E2A1CEE31CB00A7F7E4 /* CppSemaphore */ = {
			isa = PBXNativeTarget;
			buildConfigurationList = 1D269E321CEE31CB00A7F7E4 /* Build configuration list for PBXNativeTarget "CppSemaphore" */;
			buildPhases = (
				1D269E271CEE31CB00A7F7E4 /* Sources */,
				1D269E281CEE31CB00A7F7E4 /* Frameworks */,
				1D269E291CEE31CB00A7F7E4 /* CopyFiles */,
			);
			buildRules = (
			);
			dependencies = (
			);
			name = CppSemaphore;
			productName = CppSemaphore;
			productReference = 1D269E2B1CEE31CB00A7F7E4 /* CppSemaphore */;
			productType = "com.apple.product-type.tool";
		};
/* End PBXNativeTarget section */

/* Begin PBXProject section */
		1D269E231CEE31CB00A7F7E4 /* Project object */ = {
			isa = PBXProject;
			attributes = {
				LastUpgradeCheck = 0730;
				ORGANIZATIONNAME = "Matthias Uttendorfer";
				TargetAttributes = {
					1D269E2A1CEE31CB00A7F7E4 = {
						CreatedOnToolsVersion = 7.3.1;
					};
				};
			};
			buildConfigurationList = 1D269E261CEE31CB00A7F7E4 /* Build configuration list for PBXProject "CppSemaphore" */;
			compatibilityVersion = "Xcode 3.2";
			developmentRegion = English;
			hasScannedForEncodings = 0;
			knownRegions = (
				en,
			);
			mainGroup = 1D269E221CEE31CB00A7F7E4;
			productRefGroup = 1D269E2C1CEE31CB00A7F7E4 /* Products */;
			projectDirPath = "";
			projectRoot = "";
			targets = (
				1D269E2A1CEE31CB00A7F7E4 /* CppSemaphore */,
			);
		};
/* End PBXProject section */

/* Begin PBXSourcesBuildPhase section */
		1D269E271CEE31CB00A7F7E4 /* Sources */ = {
			isa = PBXSourcesBuildPhase;
			buildActionMask = 2147483647;
			files = (
				1DECC85B1CEE44E50016B121 /* sample.cpp in Sources */,
			);
			runOnlyForDeploymentPostprocessing = 0;
		};
/* End PBXSourcesBuildPhase section */

/* Begin XCBuildConfiguration section */
		1D269E301CEE31CB00A7F7E4 /* Debug */ = {
			isa = XCBuildConfiguration;
			buildSettings = {
				ALWAYS_SEARCH_USER_PATHS = NO;
				CLANG_ANALYZER_NONNULL = YES;
				CLANG_CXX_LANGUAGE_STANDARD = "c++14";
				CLANG_CXX_LIBRARY = "libc++";
				CLANG_ENABLE_MODULES = YES;
				CLANG_ENABLE_OBJC_ARC = YES;
				CLANG_WARN_BOOL_CONVERSION = YES;
				CLANG_WARN_CONSTANT_CONVERSION = YES;
				CLANG_WARN_DIRECT_OBJC_ISA_USAGE = YES_ERROR;
				CLANG_WARN_EMPTY_BODY = YES;
				CLANG_WARN_ENUM_CONVERSION = YES;
				CLANG_WARN_INT_CONVERSION = YES;
				CLANG_WARN_OBJC_ROOT_CLASS = YES_ERROR;
				CLANG_WARN_UNREACHABLE_CODE = YES;
				CLANG_WARN__DUPLICATE_METHOD_MATCH = YES;
				CODE_SIGN_IDENTITY = "-";
				COPY_PHASE_STRIP = NO;
				DEBUG_INFORMATION_FORMAT = dwarf;
				ENABLE_STRICT_OBJC_MSGSEND = YES;
				ENABLE_TESTABILITY = YES;
				GCC_C_LANGUAGE_STANDARD = gnu99;
				GCC_DYNAMIC_NO_PIC = NO;
				GCC_NO_COMMON_BLOCKS = YES;
				GCC_OPTIMIZATION_LEVEL = 0;
				GCC_PREPROCESSOR_DEFINITIONS = (
					"DEBUG=1",
					"$(inherited)",
				);
				GCC_WARN_64_TO_32_BIT_CONVERSION = YES;
				GCC_WARN_ABOUT_RETURN_TYPE = YES_ERROR;
				GCC_WARN_UNDECLARED_SELECTOR = YES;
				GCC_WARN_UNINITIALIZED_AUTOS = YES_AGGRESSIVE;
				GCC_WARN_UNUSED_FUNCTION = YES;
				GCC_WARN_UNUSED_VARIABLE = YES;
				MACOSX_DEPLOYMENT_TARGET = 10.11;
				MTL_ENABLE_DEBUG_INFO = YES;
				ONLY_ACTIVE_ARCH = YES;
				SDKROOT = macosx;
			};
			name = Debug;
		};
		1D269E311CEE31CB00A7F7E4 /* Release */ = {
			isa = XCBuildConfiguration;
			buildSettings = {
				ALWAYS_SEARCH_USER_PATHS = NO;
				CLANG_ANALYZER_NONNULL = YES;
				CLANG_CXX_LANGUAGE_STANDARD = "c++14";
				CLANG_CXX_LIBRARY = "libc++";
				CLANG_ENABLE_MODULES = YES;
				CLANG_ENABLE_OBJC_ARC = YES;
				CLANG_WARN_BOOL_CONVERSION = YES;
				CLANG_WARN_CONSTANT_CONVERSION = YES;
				CLANG_WARN_DIRECT_OBJC_ISA_USAGE = YES_ERROR;
				CLANG_WARN_EMPTY_BODY = YES;
				CLANG_WARN_ENUM_CONVERSION = YES;
				CLANG_WARN_INT_CONVERSION = YES;
				CLANG_WARN_OBJC_ROOT_CLASS = YES_ERROR;
				CLANG_WARN_UNREACHABLE_CODE = YES;
				CLANG_WARN__DUPLICATE_METHOD_MATCH = YES;
				CODE_SIGN_IDENTITY = "-";
				COPY_PHASE_STRIP = NO;
				DEBUG_INFORMATION_FORMAT = "dwarf-with-dsym";
				ENABLE_NS_ASSERTIONS = NO;
				ENABLE_STRICT_OBJC_MSGSEND = YES;
				GCC_C_LANGUAGE_STANDARD = gnu99;
				GCC_NO_COMMON_BLOCKS = YES;
				GCC_WARN_64_TO_32_BIT_CONVERSION = YES;
				GCC_WARN_ABOUT_RETURN_TYPE = YES_ERROR;
				GCC_WARN_UNDECLARED_SELECTOR = YES;
				GCC_WARN_UNINITIALIZED_AUTOS = YES_AGGRESSIVE;
				GCC_WARN_UNUSED_FUNCTION = YES;
				GCC_WARN_UNUSED_VARIABLE = YES;
				MACOSX_DEPLOYMENT_TARGET = 10.11;
				MTL_ENABLE_DEBUG_INFO = NO;
				SDKROOT = macosx;
			};
			name = Release;
		};
		1D269E331CEE31CB00A7F7E4 /* Debug */ = {
			isa = XCBuildConfiguration;
			buildSettings = {
				PRODUCT_NAME = "$(TARGET_NAME)";
			};
			name = Debug;
		};
		1D269E341CEE31CB00A7F7E4 /* Release */ = {
			isa = XCBuildConfiguration;
			buildSettings = {
				PRODUCT_NAME = "$(TARGET_NAME)";
			};
			name = Release;
		};
/* End XCBuildConfiguration section */

/* Begin XCConfigurationList section */
		1D269E261CEE31CB00A7F7E4 /* Build configuration list for PBXProject "CppSemaphore" */ = {
			isa = XCConfigurationList;
			buildConfigurations = (
				1D269E301CEE31CB00A7F7E4 /* Debug */,
				1D269E311CEE31CB00A7F7E4 /* Release */,
			);
			defaultConfigurationIsVisible = 0;
			defaultConfigurationName = Release;
		};
		1D269E321CEE31CB00A7F7E4 /* Build configuration list for PBXNativeTarget "CppSemaphore" */ = {
			isa = XCConfigurationList;
			buildConfigurations = (
				1D269E331CEE31CB00A7F7E4 /* Debug */,
				1D269E341CEE31CB00A7F7E4 /* Release */,
			);
			defaultConfigurationIsVisible = 0;
			defaultConfigurationName = Release;
		};
/* End XCConfigurationList section */
	};
	rootObject = 1D269E231CEE31CB00A7F7E4 /* Project object */;
}
